{
  "name": "test",
  "lockfileVersion": 2,
  "requires": true,
  "packages": {
    "": {
      "dependencies": {
        "libindik-transliteration": "^1.2.9"
      }
    },
    "node_modules/libindik-transliteration": {
      "version": "1.2.9",
      "resolved": "https://registry.npmjs.org/libindik-transliteration/-/libindik-transliteration-1.2.9.tgz",
      "integrity": "sha512-G6E8dRzX4/zvRRIwtrRCZ421CLjzWmjzFDDPuYR5GDlGOUxSSmaaEV62FBmE0p6P4LQZuO6aX6T9mteF24Eh+A=="
    }
  },
  "dependencies": {
    "libindik-transliteration": {
      "version": "1.2.9",
      "resolved": "https://registry.npmjs.org/libindik-transliteration/-/libindik-transliteration-1.2.9.tgz",
      "integrity": "sha512-G6E8dRzX4/zvRRIwtrRCZ421CLjzWmjzFDDPuYR5GDlGOUxSSmaaEV62FBmE0p6P4LQZuO6aX6T9mteF24Eh+A=="
    }
  }
}
