{
  "name": "test",
  "lockfileVersion": 2,
  "requires": true,
  "packages": {
    "": {
      "dependencies": {
        "libindik-transliteration": "^1.2.8"
      }
    },
    "node_modules/libindik-transliteration": {
      "version": "1.2.8",
      "resolved": "https://registry.npmjs.org/libindik-transliteration/-/libindik-transliteration-1.2.8.tgz",
      "integrity": "sha512-viqoTcpz2l8rYci5GZnHg997a3lJNGFRq/67LXdigBSEddcoB6JjvRiV3Ctj2LQ78/bSFpbWIfYd3a2aVgnxqA=="
    }
  },
  "dependencies": {
    "libindik-transliteration": {
      "version": "1.2.8",
      "resolved": "https://registry.npmjs.org/libindik-transliteration/-/libindik-transliteration-1.2.8.tgz",
      "integrity": "sha512-viqoTcpz2l8rYci5GZnHg997a3lJNGFRq/67LXdigBSEddcoB6JjvRiV3Ctj2LQ78/bSFpbWIfYd3a2aVgnxqA=="
    }
  }
}
