{
  "name": "test",
  "lockfileVersion": 2,
  "requires": true,
  "packages": {
    "": {
      "dependencies": {
        "libindik-transliteration": "^1.2.10"
      }
    },
    "node_modules/libindik-transliteration": {
      "version": "1.2.10",
      "resolved": "https://registry.npmjs.org/libindik-transliteration/-/libindik-transliteration-1.2.10.tgz",
      "integrity": "sha512-jWNENls8OwRZ+T8pTm24JYy8LWzhStf6bBGCkoQKu0nuW9nsQiiEibJ31YbJT0bjhL3WRGuh7EzlDk0oMKLI9w=="
    }
  },
  "dependencies": {
    "libindik-transliteration": {
      "version": "1.2.10",
      "resolved": "https://registry.npmjs.org/libindik-transliteration/-/libindik-transliteration-1.2.10.tgz",
      "integrity": "sha512-jWNENls8OwRZ+T8pTm24JYy8LWzhStf6bBGCkoQKu0nuW9nsQiiEibJ31YbJT0bjhL3WRGuh7EzlDk0oMKLI9w=="
    }
  }
}
